# This file is autogenerated, do not edit; changes may be undone by the next 'dep ensure'.


[[projects]]
  name = "github.com/robfig/cron"
  packages = ["."]
  revision = "b024fc5ea0e34bc3f83d9941c8d60b0622bfaca4"
  version = "v1"

[solve-meta]
  analyzer-name = "dep"
  analyzer-version = 1
  inputs-digest = "6061e2eb17ff537c70ee81cfb8f079f3ee1107097db1b390674e8a05ac94c9e7"
  solver-name = "gps-cdcl"
  solver-version = 1
